
Microsoft Visual Studio Solution File, Format Version 12.00
# Visual Studio Version 17
VisualStudioVersion = 17.13.35919.96
MinimumVisualStudioVersion = 10.0.40219.1
Project("{FAE04EC0-301F-11D3-BF4B-00C04F79EFBC}") = "TPWinForm_Equipo-8B", "TPWinForm_Equipo-8B\TPWinForm_Equipo-8B.csproj", "{93C9F525-9CBA-42CB-8A7B-E4EF7C44D19C}"
EndProject
Project("{FAE04EC0-301F-11D3-BF4B-00C04F79EFBC}") = "Dominio", "Dominio\Dominio.csproj", "{46EBB1DE-B425-4CBF-ABB6-3730B5594D20}"
EndProject
Project("{FAE04EC0-301F-11D3-BF4B-00C04F79EFBC}") = "Negocio", "Negocio\Negocio.csproj", "{36B7A534-DA4D-4E8E-9871-1C2257514178}"
EndProject
Global
	GlobalSection(SolutionConfigurationPlatforms) = preSolution
		Debug|Any CPU = Debug|Any CPU
		Release|Any CPU = Release|Any CPU
	EndGlobalSection
	GlobalSection(ProjectConfigurationPlatforms) = postSolution
		{93C9F525-9CBA-42CB-8A7B-E4EF7C44D19C}.Debug|Any CPU.ActiveCfg = Debug|Any CPU
		{93C9F525-9CBA-42CB-8A7B-E4EF7C44D19C}.Debug|Any CPU.Build.0 = Debug|Any CPU
		{93C9F525-9CBA-42CB-8A7B-E4EF7C44D19C}.Release|Any CPU.ActiveCfg = Release|Any CPU
		{93C9F525-9CBA-42CB-8A7B-E4EF7C44D19C}.Release|Any CPU.Build.0 = Release|Any CPU
		{46EBB1DE-B425-4CBF-ABB6-3730B5594D20}.Debug|Any CPU.ActiveCfg = Debug|Any CPU
		{46EBB1DE-B425-4CBF-ABB6-3730B5594D20}.Debug|Any CPU.Build.0 = Debug|Any CPU
		{46EBB1DE-B425-4CBF-ABB6-3730B5594D20}.Release|Any CPU.ActiveCfg = Release|Any CPU
		{46EBB1DE-B425-4CBF-ABB6-3730B5594D20}.Release|Any CPU.Build.0 = Release|Any CPU
		{36B7A534-DA4D-4E8E-9871-1C2257514178}.Debug|Any CPU.ActiveCfg = Debug|Any CPU
		{36B7A534-DA4D-4E8E-9871-1C2257514178}.Debug|Any CPU.Build.0 = Debug|Any CPU
		{36B7A534-DA4D-4E8E-9871-1C2257514178}.Release|Any CPU.ActiveCfg = Release|Any CPU
		{36B7A534-DA4D-4E8E-9871-1C2257514178}.Release|Any CPU.Build.0 = Release|Any CPU
	EndGlobalSection
	GlobalSection(SolutionProperties) = preSolution
		HideSolutionNode = FALSE
	EndGlobalSection
	GlobalSection(ExtensibilityGlobals) = postSolution
		SolutionGuid = {DD358686-D746-40FF-9763-5012722AFFC9}
	EndGlobalSection
EndGlobal
